<?xml version="1.0" encoding="utf-8"?>
<Project ToolsVersion="4.0" xmlns="http://schemas.microsoft.com/developer/msbuild/2003">
  <ItemGroup>
    <Filter Include="Source Files">
      <UniqueIdentifier>{4FC737F1-C7A5-4376-A066-2A32D752A2FF}</UniqueIdentifier>
      <Extensions>cpp;c;cc;cxx;def;odl;idl;hpj;bat;asm;asmx</Extensions>
    </Filter>
    <Filter Include="Header Files">
      <UniqueIdentifier>{93995380-89BD-4b04-88EB-625FBE52EBFB}</UniqueIdentifier>
      <Extensions>h;hpp;hxx;hm;inl;inc;xsd</Extensions>
    </Filter>
    <Filter Include="Resource Files">
      <UniqueIdentifier>{67DA6AB6-F800-4c08-8B7A-83BB121AAD01}</UniqueIdentifier>
      <Extensions>rc;ico;cur;bmp;dlg;rc2;rct;bin;rgs;gif;jpg;jpeg;jpe;resx;tiff;tif;png;wav;mfcribbon-ms</Extensions>
    </Filter>
    <Filter Include="Header Files\Display">
      <UniqueIdentifier>{618e1134-b950-4b3f-8feb-756d412ea38e}</UniqueIdentifier>
    </Filter>
    <Filter Include="Header Files\GameObject">
      <UniqueIdentifier>{10123544-31e3-4325-bc2c-408cb4b0afd3}</UniqueIdentifier>
    </Filter>
    <Filter Include="Source Files\Display">
      <UniqueIdentifier>{cef50971-2dd9-4850-835a-d93e6d5b7c95}</UniqueIdentifier>
    </Filter>
    <Filter Include="Source Files\GameObject">
      <UniqueIdentifier>{c6a44ba4-3502-43bd-80b9-10911ac6c590}</UniqueIdentifier>
    </Filter>
    <Filter Include="Source Files\Physics">
      <UniqueIdentifier>{80b74643-0965-4469-80ca-f4a2c32aaf8c}</UniqueIdentifier>
    </Filter>
    <Filter Include="Header Files\Physics">
      <UniqueIdentifier>{1bb14f8b-1569-43db-92cf-639c355ad4ae}</UniqueIdentifier>
    </Filter>
    <Filter Include="Header Files\LinearAlgebra">
      <UniqueIdentifier>{bbc832a2-ff2d-4d60-8ce9-c3dc52fd23e8}</UniqueIdentifier>
    </Filter>
    <Filter Include="Source Files\LinearAlgebra">
      <UniqueIdentifier>{c0633164-6fc5-4f7f-83f2-b4cae1d18b6d}</UniqueIdentifier>
    </Filter>
  </ItemGroup>
  <ItemGroup>
    <Text Include="ReadMe.txt" />
  </ItemGroup>
  <ItemGroup>
    <ClInclude Include="Game.h">
      <Filter>Header Files</Filter>
    </ClInclude>
    <ClInclude Include="GameImpl.h">
      <Filter>Header Files</Filter>
    </ClInclude>
    <ClInclude Include="IrrlichtRenderer.h">
      <Filter>Header Files\Display</Filter>
    </ClInclude>
    <ClInclude Include="MessagingWindow.h">
      <Filter>Header Files\Display</Filter>
    </ClInclude>
    <ClInclude Include="MessagingWindowImpl.h">
      <Filter>Header Files\Display</Filter>
    </ClInclude>
    <ClInclude Include="GameActor.h">
      <Filter>Header Files\GameObject</Filter>
    </ClInclude>
    <ClInclude Include="Sphere.h">
      <Filter>Header Files\GameObject</Filter>
    </ClInclude>
    <ClInclude Include="Cube.h">
      <Filter>Header Files\GameObject</Filter>
    </ClInclude>
    <ClInclude Include="IPhysicsEngine.h">
      <Filter>Header Files\Physics</Filter>
    </ClInclude>
    <ClInclude Include="enginefwd.h">
      <Filter>Header Files</Filter>
    </ClInclude>
    <ClInclude Include="Vec3.h">
      <Filter>Header Files\LinearAlgebra</Filter>
    </ClInclude>
    <ClInclude Include="Vec3Impl.h">
      <Filter>Header Files\LinearAlgebra</Filter>
    </ClInclude>
  </ItemGroup>
  <ItemGroup>
    <ClCompile Include="Demo.cpp">
      <Filter>Source Files</Filter>
    </ClCompile>
    <ClCompile Include="Game.cpp">
      <Filter>Source Files</Filter>
    </ClCompile>
    <ClCompile Include="GameImpl.cpp">
      <Filter>Source Files</Filter>
    </ClCompile>
    <ClCompile Include="IrrlichtRenderer.cpp">
      <Filter>Source Files\Display</Filter>
    </ClCompile>
    <ClCompile Include="MessagingWindow.cpp">
      <Filter>Source Files\Display</Filter>
    </ClCompile>
    <ClCompile Include="Cube.cpp">
      <Filter>Source Files\GameObject</Filter>
    </ClCompile>
    <ClCompile Include="GameActor.cpp">
      <Filter>Source Files\GameObject</Filter>
    </ClCompile>
    <ClCompile Include="Sphere.cpp">
      <Filter>Source Files\GameObject</Filter>
    </ClCompile>
    <ClCompile Include="Vec3.cpp">
      <Filter>Source Files\LinearAlgebra</Filter>
    </ClCompile>
  </ItemGroup>
</Project>