<?xml version="1.0" encoding="utf-8"?>
<Project ToolsVersion="4.0" xmlns="http://schemas.microsoft.com/developer/msbuild/2003">
  <ItemGroup>
    <Filter Include="Source Files">
      <UniqueIdentifier>{4FC737F1-C7A5-4376-A066-2A32D752A2FF}</UniqueIdentifier>
      <Extensions>cpp;c;cc;cxx;def;odl;idl;hpj;bat;asm;asmx</Extensions>
    </Filter>
    <Filter Include="Header Files">
      <UniqueIdentifier>{93995380-89BD-4b04-88EB-625FBE52EBFB}</UniqueIdentifier>
      <Extensions>h;hpp;hxx;hm;inl;inc;xsd</Extensions>
    </Filter>
    <Filter Include="Resource Files">
      <UniqueIdentifier>{67DA6AB6-F800-4c08-8B7A-83BB121AAD01}</UniqueIdentifier>
      <Extensions>rc;ico;cur;bmp;dlg;rc2;rct;bin;rgs;gif;jpg;jpeg;jpe;resx;tiff;tif;png;wav;mfcribbon-ms</Extensions>
    </Filter>
    <Filter Include="Header Files\Display">
      <UniqueIdentifier>{618e1134-b950-4b3f-8feb-756d412ea38e}</UniqueIdentifier>
    </Filter>
    <Filter Include="Header Files\GameObject">
      <UniqueIdentifier>{10123544-31e3-4325-bc2c-408cb4b0afd3}</UniqueIdentifier>
    </Filter>
    <Filter Include="Source Files\Display">
      <UniqueIdentifier>{cef50971-2dd9-4850-835a-d93e6d5b7c95}</UniqueIdentifier>
    </Filter>
    <Filter Include="Source Files\GameObject">
      <UniqueIdentifier>{c6a44ba4-3502-43bd-80b9-10911ac6c590}</UniqueIdentifier>
    </Filter>
    <Filter Include="Source Files\Physics">
      <UniqueIdentifier>{80b74643-0965-4469-80ca-f4a2c32aaf8c}</UniqueIdentifier>
    </Filter>
    <Filter Include="Header Files\Physics">
      <UniqueIdentifier>{1bb14f8b-1569-43db-92cf-639c355ad4ae}</UniqueIdentifier>
    </Filter>
    <Filter Include="Header Files\LinearAlgebra">
      <UniqueIdentifier>{bbc832a2-ff2d-4d60-8ce9-c3dc52fd23e8}</UniqueIdentifier>
    </Filter>
    <Filter Include="Source Files\LinearAlgebra">
      <UniqueIdentifier>{c0633164-6fc5-4f7f-83f2-b4cae1d18b6d}</UniqueIdentifier>
    </Filter>
    <Filter Include="Header Files\TimeKeeping">
      <UniqueIdentifier>{ba50718e-887b-44b7-8ee8-28eee3cb7770}</UniqueIdentifier>
    </Filter>
    <Filter Include="Source Files\TimeKeeping">
      <UniqueIdentifier>{30927d3c-a957-4633-8472-b8ca90f97e10}</UniqueIdentifier>
    </Filter>
    <Filter Include="Header Files\Events">
      <UniqueIdentifier>{e3b360b5-96e8-4f99-b335-ad01b69f0a9a}</UniqueIdentifier>
    </Filter>
    <Filter Include="Source Files\Events">
      <UniqueIdentifier>{1ba4b2c2-70bd-4e59-b9fd-0b33697f5d9e}</UniqueIdentifier>
    </Filter>
    <Filter Include="Source Files\3rdParty_BSPTools">
      <UniqueIdentifier>{f209e22f-dc3e-4fd6-9b36-7d2b573033ba}</UniqueIdentifier>
    </Filter>
    <Filter Include="Header Files\3rdParty_BSPTools">
      <UniqueIdentifier>{3a6d4dd1-d549-40f3-a483-7746f65fff59}</UniqueIdentifier>
    </Filter>
    <Filter Include="Header Files\BaseGameLogic">
      <UniqueIdentifier>{9429ec77-a942-4afe-9c32-8049ec61c050}</UniqueIdentifier>
    </Filter>
    <Filter Include="Source Files\BaseGameLogic">
      <UniqueIdentifier>{6a1d097c-88b1-4fea-b9f3-aaf5e350d497}</UniqueIdentifier>
    </Filter>
    <Filter Include="Header Files\Physics\BulletPhysics">
      <UniqueIdentifier>{96f402fc-7bc3-4f80-a443-a71c11a0bf29}</UniqueIdentifier>
    </Filter>
    <Filter Include="Source Files\Physics\BulletPhysics">
      <UniqueIdentifier>{fcd475f6-5ec1-4534-aab6-6160a90a0438}</UniqueIdentifier>
    </Filter>
  </ItemGroup>
  <ItemGroup>
    <Text Include="ReadMe.txt" />
  </ItemGroup>
  <ItemGroup>
    <ClInclude Include="MessagingWindow.h">
      <Filter>Header Files\Display</Filter>
    </ClInclude>
    <ClInclude Include="MessagingWindowImpl.h">
      <Filter>Header Files\Display</Filter>
    </ClInclude>
    <ClInclude Include="GameActor.h">
      <Filter>Header Files\GameObject</Filter>
    </ClInclude>
    <ClInclude Include="IPhysicsEngine.h">
      <Filter>Header Files\Physics</Filter>
    </ClInclude>
    <ClInclude Include="enginefwd.h">
      <Filter>Header Files</Filter>
    </ClInclude>
    <ClInclude Include="Vec3.h">
      <Filter>Header Files\LinearAlgebra</Filter>
    </ClInclude>
    <ClInclude Include="Mat4.h">
      <Filter>Header Files\LinearAlgebra</Filter>
    </ClInclude>
    <ClInclude Include="utils.h">
      <Filter>Header Files</Filter>
    </ClInclude>
    <ClInclude Include="XMLPhysicsData.h">
      <Filter>Header Files\Physics</Filter>
    </ClInclude>
    <ClInclude Include="PhysicsEngineFactories.h">
      <Filter>Header Files\Physics</Filter>
    </ClInclude>
    <ClInclude Include="RenderingEngineFactories.h">
      <Filter>Header Files\Display</Filter>
    </ClInclude>
    <ClInclude Include="ITimer.h">
      <Filter>Header Files\TimeKeeping</Filter>
    </ClInclude>
    <ClInclude Include="IrrlichtTimer.h">
      <Filter>Header Files\TimeKeeping</Filter>
    </ClInclude>
    <ClInclude Include="TimerFactories.h">
      <Filter>Header Files\TimeKeeping</Filter>
    </ClInclude>
    <ClInclude Include="WorldTransformComponent.h">
      <Filter>Header Files\GameObject</Filter>
    </ClInclude>
    <ClInclude Include="Mat4Impl.h">
      <Filter>Header Files\LinearAlgebra</Filter>
    </ClInclude>
    <ClInclude Include="Vec4.h">
      <Filter>Header Files\LinearAlgebra</Filter>
    </ClInclude>
    <ClInclude Include="IEventManager.h">
      <Filter>Header Files\Events</Filter>
    </ClInclude>
    <ClInclude Include="EventManager.h">
      <Filter>Header Files\Events</Filter>
    </ClInclude>
    <ClInclude Include="Events.h">
      <Filter>Header Files\Events</Filter>
    </ClInclude>
    <ClInclude Include="BSPLoader.h">
      <Filter>Header Files\3rdParty_BSPTools</Filter>
    </ClInclude>
    <ClInclude Include="BSPConverter.h">
      <Filter>Header Files\3rdParty_BSPTools</Filter>
    </ClInclude>
    <ClInclude Include="BspLoaderFactory.h">
      <Filter>Header Files\3rdParty_BSPTools</Filter>
    </ClInclude>
    <ClInclude Include="IrrlichtInputState.h">
      <Filter>Header Files\Display</Filter>
    </ClInclude>
    <ClInclude Include="IInputState.h">
      <Filter>Header Files\Display</Filter>
    </ClInclude>
    <ClInclude Include="IDisplay.h">
      <Filter>Header Files\Display</Filter>
    </ClInclude>
    <ClInclude Include="IrrlichtDisplay.h">
      <Filter>Header Files\Display</Filter>
    </ClInclude>
    <ClInclude Include="IrrlichtDisplayImpl.h">
      <Filter>Header Files\Display</Filter>
    </ClInclude>
    <ClInclude Include="IrrlichtConversions.h">
      <Filter>Header Files\Display</Filter>
    </ClInclude>
    <ClInclude Include="Game.h">
      <Filter>Header Files\BaseGameLogic</Filter>
    </ClInclude>
    <ClInclude Include="GameData.h">
      <Filter>Header Files\BaseGameLogic</Filter>
    </ClInclude>
    <ClInclude Include="DemoInputHandler.h">
      <Filter>Header Files\BaseGameLogic</Filter>
    </ClInclude>
    <ClInclude Include="IGameInputHandler.h">
      <Filter>Header Files\BaseGameLogic</Filter>
    </ClInclude>
    <ClInclude Include="BulletConversions.h">
      <Filter>Header Files\Physics\BulletPhysics</Filter>
    </ClInclude>
    <ClInclude Include="BulletDebugRenderer.h">
      <Filter>Header Files\Physics\BulletPhysics</Filter>
    </ClInclude>
    <ClInclude Include="BulletPhysics.h">
      <Filter>Header Files\Physics\BulletPhysics</Filter>
    </ClInclude>
    <ClInclude Include="BulletPhysicsData.h">
      <Filter>Header Files\Physics\BulletPhysics</Filter>
    </ClInclude>
    <ClInclude Include="BulletPhysicsObject.h">
      <Filter>Header Files\Physics\BulletPhysics</Filter>
    </ClInclude>
    <ClInclude Include="BulletPhysicsConstraint.h">
      <Filter>Header Files\Physics\BulletPhysics</Filter>
    </ClInclude>
  </ItemGroup>
  <ItemGroup>
    <ClCompile Include="Demo.cpp">
      <Filter>Source Files</Filter>
    </ClCompile>
    <ClCompile Include="MessagingWindow.cpp">
      <Filter>Source Files\Display</Filter>
    </ClCompile>
    <ClCompile Include="GameActor.cpp">
      <Filter>Source Files\GameObject</Filter>
    </ClCompile>
    <ClCompile Include="Vec3.cpp">
      <Filter>Source Files\LinearAlgebra</Filter>
    </ClCompile>
    <ClCompile Include="Mat4.cpp">
      <Filter>Source Files\LinearAlgebra</Filter>
    </ClCompile>
    <ClCompile Include="XMLPhysicsData.cpp">
      <Filter>Source Files\Physics</Filter>
    </ClCompile>
    <ClCompile Include="IrrlichtTimer.cpp">
      <Filter>Source Files\TimeKeeping</Filter>
    </ClCompile>
    <ClCompile Include="Vec4.cpp">
      <Filter>Source Files\LinearAlgebra</Filter>
    </ClCompile>
    <ClCompile Include="EventManager.cpp">
      <Filter>Source Files\Events</Filter>
    </ClCompile>
    <ClCompile Include="BSPLoader.cpp">
      <Filter>Source Files\3rdParty_BSPTools</Filter>
    </ClCompile>
    <ClCompile Include="BSPConverter.cpp">
      <Filter>Source Files\3rdParty_BSPTools</Filter>
    </ClCompile>
    <ClCompile Include="BspLoaderFactory.cpp">
      <Filter>Source Files\3rdParty_BSPTools</Filter>
    </ClCompile>
    <ClCompile Include="IrrlichtDisplay.cpp">
      <Filter>Source Files\Display</Filter>
    </ClCompile>
    <ClCompile Include="IrrlichtDisplayImpl.cpp">
      <Filter>Source Files\Display</Filter>
    </ClCompile>
    <ClCompile Include="IrrlichtConversions.cpp">
      <Filter>Source Files\Display</Filter>
    </ClCompile>
    <ClCompile Include="Game.cpp">
      <Filter>Source Files\BaseGameLogic</Filter>
    </ClCompile>
    <ClCompile Include="GameData.cpp">
      <Filter>Source Files\BaseGameLogic</Filter>
    </ClCompile>
    <ClCompile Include="DemoInputHandler.cpp">
      <Filter>Source Files\BaseGameLogic</Filter>
    </ClCompile>
    <ClCompile Include="IGameInputHandler.cpp">
      <Filter>Source Files\BaseGameLogic</Filter>
    </ClCompile>
    <ClCompile Include="BulletPhysicsObject.cpp">
      <Filter>Source Files\Physics\BulletPhysics</Filter>
    </ClCompile>
    <ClCompile Include="BulletConversions.cpp">
      <Filter>Source Files\Physics\BulletPhysics</Filter>
    </ClCompile>
    <ClCompile Include="BulletDebugRenderer.cpp">
      <Filter>Source Files\Physics\BulletPhysics</Filter>
    </ClCompile>
    <ClCompile Include="BulletPhysics.cpp">
      <Filter>Source Files\Physics\BulletPhysics</Filter>
    </ClCompile>
    <ClCompile Include="BulletPhysicsData.cpp">
      <Filter>Source Files\Physics\BulletPhysics</Filter>
    </ClCompile>
  </ItemGroup>
</Project>